
Microsoft Visual Studio Solution File, Format Version 12.00
# Visual Studio Version 16
VisualStudioVersion = 16.0.30011.22
MinimumVisualStudioVersion = 10.0.40219.1
Project("{FAE04EC0-301F-11D3-BF4B-00C04F79EFBC}") = "Практика 15.3", "Практика 15.3\Практика 15.3.csproj", "{C536B64C-FB0F-4A19-838E-1C648FBED03B}"
EndProject
Global
	GlobalSection(SolutionConfigurationPlatforms) = preSolution
		Debug|Any CPU = Debug|Any CPU
		Release|Any CPU = Release|Any CPU
	EndGlobalSection
	GlobalSection(ProjectConfigurationPlatforms) = postSolution
		{C536B64C-FB0F-4A19-838E-1C648FBED03B}.Debug|Any CPU.ActiveCfg = Debug|Any CPU
		{C536B64C-FB0F-4A19-838E-1C648FBED03B}.Debug|Any CPU.Build.0 = Debug|Any CPU
		{C536B64C-FB0F-4A19-838E-1C648FBED03B}.Release|Any CPU.ActiveCfg = Release|Any CPU
		{C536B64C-FB0F-4A19-838E-1C648FBED03B}.Release|Any CPU.Build.0 = Release|Any CPU
	EndGlobalSection
	GlobalSection(SolutionProperties) = preSolution
		HideSolutionNode = FALSE
	EndGlobalSection
	GlobalSection(ExtensibilityGlobals) = postSolution
		SolutionGuid = {2854FF88-294E-422B-8BAF-5DF320032A24}
	EndGlobalSection
EndGlobal
