
Microsoft Visual Studio Solution File, Format Version 12.00
# Visual Studio Version 16
VisualStudioVersion = 16.0.30011.22
MinimumVisualStudioVersion = 10.0.40219.1
Project("{FAE04EC0-301F-11D3-BF4B-00C04F79EFBC}") = "Практика 15.2", "Практика 15.2\Практика 15.2.csproj", "{98125EFF-8164-475E-8E49-259418123B63}"
EndProject
Global
	GlobalSection(SolutionConfigurationPlatforms) = preSolution
		Debug|Any CPU = Debug|Any CPU
		Release|Any CPU = Release|Any CPU
	EndGlobalSection
	GlobalSection(ProjectConfigurationPlatforms) = postSolution
		{98125EFF-8164-475E-8E49-259418123B63}.Debug|Any CPU.ActiveCfg = Debug|Any CPU
		{98125EFF-8164-475E-8E49-259418123B63}.Debug|Any CPU.Build.0 = Debug|Any CPU
		{98125EFF-8164-475E-8E49-259418123B63}.Release|Any CPU.ActiveCfg = Release|Any CPU
		{98125EFF-8164-475E-8E49-259418123B63}.Release|Any CPU.Build.0 = Release|Any CPU
	EndGlobalSection
	GlobalSection(SolutionProperties) = preSolution
		HideSolutionNode = FALSE
	EndGlobalSection
	GlobalSection(ExtensibilityGlobals) = postSolution
		SolutionGuid = {98B4D8AF-41BD-4444-A02C-5229D477E82D}
	EndGlobalSection
EndGlobal
